{
  "originHash" : "bac7243ddbaafcbf59e11fc40320bf6d9b2fb774877f765ab255e203309f86be",
  "pins" : [
    {
      "identity" : "adhan-swift",
      "kind" : "remoteSourceControl",
      "location" : "https://github.com/batoulapps/adhan-swift",
      "state" : {
        "revision" : "6dc8309951fdaa0cd124c52b9a8de7e0da1ff2ce",
        "version" : "1.4.0"
      }
    },
    {
      "identity" : "navigationstack",
      "kind" : "remoteSourceControl",
      "location" : "https://github.com/indieSoftware/NavigationStack.git",
      "state" : {
        "revision" : "900b75924f218a68c2487ab8a9c3fc7c42130705",
        "version" : "1.1.1"
      }
    }
  ],
  "version" : 3
}
